
Microsoft Visual Studio Solution File, Format Version 12.00
# Visual Studio Version 17
VisualStudioVersion = 17.5.33530.505
MinimumVisualStudioVersion = 10.0.40219.1
Project("{FAE04EC0-301F-11D3-BF4B-00C04F79EFBC}") = "ServiceApplication.Bussiness", "ServiceApplication.Bussiness\ServiceApplication.Bussiness.csproj", "{D770A3B1-4603-4731-840C-0A64FE4A2AFE}"
EndProject
Project("{FAE04EC0-301F-11D3-BF4B-00C04F79EFBC}") = "ServiceApplication.DataAccess", "ServiceApplication.DataAccess\ServiceApplication.DataAccess.csproj", "{B78984E9-1A1E-4999-A556-D2268252486F}"
EndProject
Project("{FAE04EC0-301F-11D3-BF4B-00C04F79EFBC}") = "ServiceApplication.Entities", "ServiceApplication.Entities\ServiceApplication.Entities.csproj", "{9A0D34FF-BB59-4715-8C45-A4448FE7D924}"
EndProject
Project("{FAE04EC0-301F-11D3-BF4B-00C04F79EFBC}") = "ServiceApplication.UI", "ServiceApplication.UI\ServiceApplication.UI.csproj", "{4A62E142-8969-4488-A1EA-D542F6844F40}"
EndProject
Global
	GlobalSection(SolutionConfigurationPlatforms) = preSolution
		Debug|Any CPU = Debug|Any CPU
		Release|Any CPU = Release|Any CPU
	EndGlobalSection
	GlobalSection(ProjectConfigurationPlatforms) = postSolution
		{D770A3B1-4603-4731-840C-0A64FE4A2AFE}.Debug|Any CPU.ActiveCfg = Debug|Any CPU
		{D770A3B1-4603-4731-840C-0A64FE4A2AFE}.Debug|Any CPU.Build.0 = Debug|Any CPU
		{D770A3B1-4603-4731-840C-0A64FE4A2AFE}.Release|Any CPU.ActiveCfg = Release|Any CPU
		{D770A3B1-4603-4731-840C-0A64FE4A2AFE}.Release|Any CPU.Build.0 = Release|Any CPU
		{B78984E9-1A1E-4999-A556-D2268252486F}.Debug|Any CPU.ActiveCfg = Debug|Any CPU
		{B78984E9-1A1E-4999-A556-D2268252486F}.Debug|Any CPU.Build.0 = Debug|Any CPU
		{B78984E9-1A1E-4999-A556-D2268252486F}.Release|Any CPU.ActiveCfg = Release|Any CPU
		{B78984E9-1A1E-4999-A556-D2268252486F}.Release|Any CPU.Build.0 = Release|Any CPU
		{9A0D34FF-BB59-4715-8C45-A4448FE7D924}.Debug|Any CPU.ActiveCfg = Debug|Any CPU
		{9A0D34FF-BB59-4715-8C45-A4448FE7D924}.Debug|Any CPU.Build.0 = Debug|Any CPU
		{9A0D34FF-BB59-4715-8C45-A4448FE7D924}.Release|Any CPU.ActiveCfg = Release|Any CPU
		{9A0D34FF-BB59-4715-8C45-A4448FE7D924}.Release|Any CPU.Build.0 = Release|Any CPU
		{4A62E142-8969-4488-A1EA-D542F6844F40}.Debug|Any CPU.ActiveCfg = Debug|Any CPU
		{4A62E142-8969-4488-A1EA-D542F6844F40}.Debug|Any CPU.Build.0 = Debug|Any CPU
		{4A62E142-8969-4488-A1EA-D542F6844F40}.Release|Any CPU.ActiveCfg = Release|Any CPU
		{4A62E142-8969-4488-A1EA-D542F6844F40}.Release|Any CPU.Build.0 = Release|Any CPU
	EndGlobalSection
	GlobalSection(SolutionProperties) = preSolution
		HideSolutionNode = FALSE
	EndGlobalSection
	GlobalSection(ExtensibilityGlobals) = postSolution
		SolutionGuid = {79D03E1E-8027-468F-8DC5-71C2FE61FED1}
	EndGlobalSection
EndGlobal
